// !$*UTF8*$!
{
	archiveVersion = 1;
	classes = {
	};
	objectVersion = 56;
	objects = {

/* Begin PBXBuildFile section */
		C23EF1332A4FE266001CDC78 /* SheetView.swift in Sources */ = {isa = PBXBuildFile; fileRef = C23EF1322A4FE266001CDC78 /* SheetView.swift */; };
		C24155A82A588D8A00A269E2 /* TestingView.swift in Sources */ = {isa = PBXBuildFile; fileRef = C24155A72A588D8A00A269E2 /* TestingView.swift */; };
		C24155AC2A590FFC00A269E2 /* SettingsMenuView.swift in Sources */ = {isa = PBXBuildFile; fileRef = C24155AB2A590FFC00A269E2 /* SettingsMenuView.swift */; };
		C24155B02A59FB7000A269E2 /* SettingsScreenVIew.swift in Sources */ = {isa = PBXBuildFile; fileRef = C24155AF2A59FB7000A269E2 /* SettingsScreenVIew.swift */; };
		C263FAE62A4B99F100E3650F /* Onboarding.swift in Sources */ = {isa = PBXBuildFile; fileRef = C263FAE52A4B99F100E3650F /* Onboarding.swift */; };
		C263FAED2A4BD46000E3650F /* ToDo.swift in Sources */ = {isa = PBXBuildFile; fileRef = C263FAEC2A4BD46000E3650F /* ToDo.swift */; };
		C263FAF02A4BD51F00E3650F /* GreetingView.swift in Sources */ = {isa = PBXBuildFile; fileRef = C263FAEF2A4BD51F00E3650F /* GreetingView.swift */; };
		C263FAF22A4BD97500E3650F /* SettingScreen.swift in Sources */ = {isa = PBXBuildFile; fileRef = C263FAF12A4BD97500E3650F /* SettingScreen.swift */; };
		C26457D62A4E4ED500323795 /* MemesView.swift in Sources */ = {isa = PBXBuildFile; fileRef = C26457D52A4E4ED500323795 /* MemesView.swift */; };
		C2904CBE2A454463000B2554 /* DDRApp.swift in Sources */ = {isa = PBXBuildFile; fileRef = C2904CBD2A454463000B2554 /* DDRApp.swift */; };
		C2904CC02A454463000B2554 /* ContentView.swift in Sources */ = {isa = PBXBuildFile; fileRef = C2904CBF2A454463000B2554 /* ContentView.swift */; };
		C2904CC22A454463000B2554 /* Assets.xcassets in Resources */ = {isa = PBXBuildFile; fileRef = C2904CC12A454463000B2554 /* Assets.xcassets */; };
		C2904CC52A454463000B2554 /* Preview Assets.xcassets in Resources */ = {isa = PBXBuildFile; fileRef = C2904CC42A454463000B2554 /* Preview Assets.xcassets */; };
		C2A9DCE62A5225270098571C /* LikedView.swift in Sources */ = {isa = PBXBuildFile; fileRef = C2A9DCE52A5225270098571C /* LikedView.swift */; };
		C2EE46922A4F9260001B3CDF /* GetUserName.swift in Sources */ = {isa = PBXBuildFile; fileRef = C2EE46912A4F9260001B3CDF /* GetUserName.swift */; };
/* End PBXBuildFile section */

/* Begin PBXFileReference section */
		C23EF1322A4FE266001CDC78 /* SheetView.swift */ = {isa = PBXFileReference; lastKnownFileType = sourcecode.swift; path = SheetView.swift; sourceTree = "<group>"; };
		C24155A72A588D8A00A269E2 /* TestingView.swift */ = {isa = PBXFileReference; lastKnownFileType = sourcecode.swift; path = TestingView.swift; sourceTree = "<group>"; };
		C24155AB2A590FFC00A269E2 /* SettingsMenuView.swift */ = {isa = PBXFileReference; lastKnownFileType = sourcecode.swift; path = SettingsMenuView.swift; sourceTree = "<group>"; };
		C24155AF2A59FB7000A269E2 /* SettingsScreenVIew.swift */ = {isa = PBXFileReference; lastKnownFileType = sourcecode.swift; path = SettingsScreenVIew.swift; sourceTree = "<group>"; };
		C263FAE52A4B99F100E3650F /* Onboarding.swift */ = {isa = PBXFileReference; lastKnownFileType = sourcecode.swift; path = Onboarding.swift; sourceTree = "<group>"; };
		C263FAE72A4BB32C00E3650F /* Info.plist */ = {isa = PBXFileReference; lastKnownFileType = text.plist; path = Info.plist; sourceTree = "<group>"; };
		C263FAEC2A4BD46000E3650F /* ToDo.swift */ = {isa = PBXFileReference; lastKnownFileType = sourcecode.swift; path = ToDo.swift; sourceTree = "<group>"; };
		C263FAEF2A4BD51F00E3650F /* GreetingView.swift */ = {isa = PBXFileReference; lastKnownFileType = sourcecode.swift; path = GreetingView.swift; sourceTree = "<group>"; };
		C263FAF12A4BD97500E3650F /* SettingScreen.swift */ = {isa = PBXFileReference; lastKnownFileType = sourcecode.swift; path = SettingScreen.swift; sourceTree = "<group>"; };
		C26457D52A4E4ED500323795 /* MemesView.swift */ = {isa = PBXFileReference; lastKnownFileType = sourcecode.swift; path = MemesView.swift; sourceTree = "<group>"; };
		C2904CBA2A454463000B2554 /* DDR.app */ = {isa = PBXFileReference; explicitFileType = wrapper.application; includeInIndex = 0; path = DDR.app; sourceTree = BUILT_PRODUCTS_DIR; };
		C2904CBD2A454463000B2554 /* DDRApp.swift */ = {isa = PBXFileReference; lastKnownFileType = sourcecode.swift; path = DDRApp.swift; sourceTree = "<group>"; };
		C2904CBF2A454463000B2554 /* ContentView.swift */ = {isa = PBXFileReference; lastKnownFileType = sourcecode.swift; path = ContentView.swift; sourceTree = "<group>"; };
		C2904CC12A454463000B2554 /* Assets.xcassets */ = {isa = PBXFileReference; lastKnownFileType = folder.assetcatalog; path = Assets.xcassets; sourceTree = "<group>"; };
		C2904CC42A454463000B2554 /* Preview Assets.xcassets */ = {isa = PBXFileReference; lastKnownFileType = folder.assetcatalog; path = "Preview Assets.xcassets"; sourceTree = "<group>"; };
		C2A9DCE52A5225270098571C /* LikedView.swift */ = {isa = PBXFileReference; lastKnownFileType = sourcecode.swift; path = LikedView.swift; sourceTree = "<group>"; };
		C2EE46912A4F9260001B3CDF /* GetUserName.swift */ = {isa = PBXFileReference; lastKnownFileType = sourcecode.swift; path = GetUserName.swift; sourceTree = "<group>"; };
/* End PBXFileReference section */

/* Begin PBXFrameworksBuildPhase section */
		C2904CB72A454463000B2554 /* Frameworks */ = {
			isa = PBXFrameworksBuildPhase;
			buildActionMask = 2147483647;
			files = (
			);
			runOnlyForDeploymentPostprocessing = 0;
		};
/* End PBXFrameworksBuildPhase section */

/* Begin PBXGroup section */
		C23EF1342A4FE9C7001CDC78 /* BootCampViews */ = {
			isa = PBXGroup;
			children = (
				C23EF1322A4FE266001CDC78 /* SheetView.swift */,
			);
			path = BootCampViews;
			sourceTree = "<group>";
		};
		C263FAEE2A4BD50F00E3650F /* Screens */ = {
			isa = PBXGroup;
			children = (
				C263FAEF2A4BD51F00E3650F /* GreetingView.swift */,
				C263FAF12A4BD97500E3650F /* SettingScreen.swift */,
				C2A9DCE52A5225270098571C /* LikedView.swift */,
				C24155AB2A590FFC00A269E2 /* SettingsMenuView.swift */,
			);
			path = Screens;
			sourceTree = "<group>";
		};
		C26BFE1A2A4A79A40036554D /* App */ = {
			isa = PBXGroup;
			children = (
				C2904CBD2A454463000B2554 /* DDRApp.swift */,
			);
			path = App;
			sourceTree = "<group>";
		};
		C2904CB12A454463000B2554 = {
			isa = PBXGroup;
			children = (
				C2904CBC2A454463000B2554 /* DDR */,
				C2904CBB2A454463000B2554 /* Products */,
			);
			sourceTree = "<group>";
		};
		C2904CBB2A454463000B2554 /* Products */ = {
			isa = PBXGroup;
			children = (
				C2904CBA2A454463000B2554 /* DDR.app */,
			);
			name = Products;
			sourceTree = "<group>";
		};
		C2904CBC2A454463000B2554 /* DDR */ = {
			isa = PBXGroup;
			children = (
				C23EF1342A4FE9C7001CDC78 /* BootCampViews */,
				C263FAEE2A4BD50F00E3650F /* Screens */,
				C263FAE72A4BB32C00E3650F /* Info.plist */,
				C26BFE1A2A4A79A40036554D /* App */,
				C2904CCB2A45446E000B2554 /* Views */,
				C2904CC12A454463000B2554 /* Assets.xcassets */,
				C2904CC32A454463000B2554 /* Preview Content */,
			);
			path = DDR;
			sourceTree = "<group>";
		};
		C2904CC32A454463000B2554 /* Preview Content */ = {
			isa = PBXGroup;
			children = (
				C2904CC42A454463000B2554 /* Preview Assets.xcassets */,
			);
			path = "Preview Content";
			sourceTree = "<group>";
		};
		C2904CCB2A45446E000B2554 /* Views */ = {
			isa = PBXGroup;
			children = (
				C2904CBF2A454463000B2554 /* ContentView.swift */,
				C263FAE52A4B99F100E3650F /* Onboarding.swift */,
				C263FAEC2A4BD46000E3650F /* ToDo.swift */,
				C26457D52A4E4ED500323795 /* MemesView.swift */,
				C2EE46912A4F9260001B3CDF /* GetUserName.swift */,
				C24155A72A588D8A00A269E2 /* TestingView.swift */,
				C24155AF2A59FB7000A269E2 /* SettingsScreenVIew.swift */,
			);
			path = Views;
			sourceTree = "<group>";
		};
/* End PBXGroup section */

/* Begin PBXNativeTarget section */
		C2904CB92A454463000B2554 /* DDR */ = {
			isa = PBXNativeTarget;
			buildConfigurationList = C2904CC82A454463000B2554 /* Build configuration list for PBXNativeTarget "DDR" */;
			buildPhases = (
				C2904CB62A454463000B2554 /* Sources */,
				C2904CB72A454463000B2554 /* Frameworks */,
				C2904CB82A454463000B2554 /* Resources */,
			);
			buildRules = (
			);
			dependencies = (
			);
			name = DDR;
			productName = DDR;
			productReference = C2904CBA2A454463000B2554 /* DDR.app */;
			productType = "com.apple.product-type.application";
		};
/* End PBXNativeTarget section */

/* Begin PBXProject section */
		C2904CB22A454463000B2554 /* Project object */ = {
			isa = PBXProject;
			attributes = {
				BuildIndependentTargetsInParallel = 1;
				LastSwiftUpdateCheck = 1430;
				LastUpgradeCheck = 1430;
				TargetAttributes = {
					C2904CB92A454463000B2554 = {
						CreatedOnToolsVersion = 14.3.1;
					};
				};
			};
			buildConfigurationList = C2904CB52A454463000B2554 /* Build configuration list for PBXProject "DDR" */;
			compatibilityVersion = "Xcode 14.0";
			developmentRegion = en;
			hasScannedForEncodings = 0;
			knownRegions = (
				en,
				Base,
			);
			mainGroup = C2904CB12A454463000B2554;
			productRefGroup = C2904CBB2A454463000B2554 /* Products */;
			projectDirPath = "";
			projectRoot = "";
			targets = (
				C2904CB92A454463000B2554 /* DDR */,
			);
		};
/* End PBXProject section */

/* Begin PBXResourcesBuildPhase section */
		C2904CB82A454463000B2554 /* Resources */ = {
			isa = PBXResourcesBuildPhase;
			buildActionMask = 2147483647;
			files = (
				C2904CC52A454463000B2554 /* Preview Assets.xcassets in Resources */,
				C2904CC22A454463000B2554 /* Assets.xcassets in Resources */,
			);
			runOnlyForDeploymentPostprocessing = 0;
		};
/* End PBXResourcesBuildPhase section */

/* Begin PBXSourcesBuildPhase section */
		C2904CB62A454463000B2554 /* Sources */ = {
			isa = PBXSourcesBuildPhase;
			buildActionMask = 2147483647;
			files = (
				C26457D62A4E4ED500323795 /* MemesView.swift in Sources */,
				C23EF1332A4FE266001CDC78 /* SheetView.swift in Sources */,
				C263FAF22A4BD97500E3650F /* SettingScreen.swift in Sources */,
				C24155A82A588D8A00A269E2 /* TestingView.swift in Sources */,
				C263FAE62A4B99F100E3650F /* Onboarding.swift in Sources */,
				C2A9DCE62A5225270098571C /* LikedView.swift in Sources */,
				C24155AC2A590FFC00A269E2 /* SettingsMenuView.swift in Sources */,
				C2904CC02A454463000B2554 /* ContentView.swift in Sources */,
				C2EE46922A4F9260001B3CDF /* GetUserName.swift in Sources */,
				C24155B02A59FB7000A269E2 /* SettingsScreenVIew.swift in Sources */,
				C2904CBE2A454463000B2554 /* DDRApp.swift in Sources */,
				C263FAF02A4BD51F00E3650F /* GreetingView.swift in Sources */,
				C263FAED2A4BD46000E3650F /* ToDo.swift in Sources */,
			);
			runOnlyForDeploymentPostprocessing = 0;
		};
/* End PBXSourcesBuildPhase section */

/* Begin XCBuildConfiguration section */
		C2904CC62A454463000B2554 /* Debug */ = {
			isa = XCBuildConfiguration;
			buildSettings = {
				ALWAYS_SEARCH_USER_PATHS = NO;
				CLANG_ANALYZER_NONNULL = YES;
				CLANG_ANALYZER_NUMBER_OBJECT_CONVERSION = YES_AGGRESSIVE;
				CLANG_CXX_LANGUAGE_STANDARD = "gnu++20";
				CLANG_ENABLE_MODULES = YES;
				CLANG_ENABLE_OBJC_ARC = YES;
				CLANG_ENABLE_OBJC_WEAK = YES;
				CLANG_WARN_BLOCK_CAPTURE_AUTORELEASING = YES;
				CLANG_WARN_BOOL_CONVERSION = YES;
				CLANG_WARN_COMMA = YES;
				CLANG_WARN_CONSTANT_CONVERSION = YES;
				CLANG_WARN_DEPRECATED_OBJC_IMPLEMENTATIONS = YES;
				CLANG_WARN_DIRECT_OBJC_ISA_USAGE = YES_ERROR;
				CLANG_WARN_DOCUMENTATION_COMMENTS = YES;
				CLANG_WARN_EMPTY_BODY = YES;
				CLANG_WARN_ENUM_CONVERSION = YES;
				CLANG_WARN_INFINITE_RECURSION = YES;
				CLANG_WARN_INT_CONVERSION = YES;
				CLANG_WARN_NON_LITERAL_NULL_CONVERSION = YES;
				CLANG_WARN_OBJC_IMPLICIT_RETAIN_SELF = YES;
				CLANG_WARN_OBJC_LITERAL_CONVERSION = YES;
				CLANG_WARN_OBJC_ROOT_CLASS = YES_ERROR;
				CLANG_WARN_QUOTED_INCLUDE_IN_FRAMEWORK_HEADER = YES;
				CLANG_WARN_RANGE_LOOP_ANALYSIS = YES;
				CLANG_WARN_STRICT_PROTOTYPES = YES;
				CLANG_WARN_SUSPICIOUS_MOVE = YES;
				CLANG_WARN_UNGUARDED_AVAILABILITY = YES_AGGRESSIVE;
				CLANG_WARN_UNREACHABLE_CODE = YES;
				CLANG_WARN__DUPLICATE_METHOD_MATCH = YES;
				COPY_PHASE_STRIP = NO;
				DEBUG_INFORMATION_FORMAT = dwarf;
				ENABLE_STRICT_OBJC_MSGSEND = YES;
				ENABLE_TESTABILITY = YES;
				GCC_C_LANGUAGE_STANDARD = gnu11;
				GCC_DYNAMIC_NO_PIC = NO;
				GCC_NO_COMMON_BLOCKS = YES;
				GCC_OPTIMIZATION_LEVEL = 0;
				GCC_PREPROCESSOR_DEFINITIONS = (
					"DEBUG=1",
					"$(inherited)",
				);
				GCC_WARN_64_TO_32_BIT_CONVERSION = YES;
				GCC_WARN_ABOUT_RETURN_TYPE = YES_ERROR;
				GCC_WARN_UNDECLARED_SELECTOR = YES;
				GCC_WARN_UNINITIALIZED_AUTOS = YES_AGGRESSIVE;
				GCC_WARN_UNUSED_FUNCTION = YES;
				GCC_WARN_UNUSED_VARIABLE = YES;
				IPHONEOS_DEPLOYMENT_TARGET = 16.4;
				MTL_ENABLE_DEBUG_INFO = INCLUDE_SOURCE;
				MTL_FAST_MATH = YES;
				ONLY_ACTIVE_ARCH = YES;
				SDKROOT = iphoneos;
				SWIFT_ACTIVE_COMPILATION_CONDITIONS = DEBUG;
				SWIFT_OPTIMIZATION_LEVEL = "-Onone";
			};
			name = Debug;
		};
		C2904CC72A454463000B2554 /* Release */ = {
			isa = XCBuildConfiguration;
			buildSettings = {
				ALWAYS_SEARCH_USER_PATHS = NO;
				CLANG_ANALYZER_NONNULL = YES;
				CLANG_ANALYZER_NUMBER_OBJECT_CONVERSION = YES_AGGRESSIVE;
				CLANG_CXX_LANGUAGE_STANDARD = "gnu++20";
				CLANG_ENABLE_MODULES = YES;
				CLANG_ENABLE_OBJC_ARC = YES;
				CLANG_ENABLE_OBJC_WEAK = YES;
				CLANG_WARN_BLOCK_CAPTURE_AUTORELEASING = YES;
				CLANG_WARN_BOOL_CONVERSION = YES;
				CLANG_WARN_COMMA = YES;
				CLANG_WARN_CONSTANT_CONVERSION = YES;
				CLANG_WARN_DEPRECATED_OBJC_IMPLEMENTATIONS = YES;
				CLANG_WARN_DIRECT_OBJC_ISA_USAGE = YES_ERROR;
				CLANG_WARN_DOCUMENTATION_COMMENTS = YES;
				CLANG_WARN_EMPTY_BODY = YES;
				CLANG_WARN_ENUM_CONVERSION = YES;
				CLANG_WARN_INFINITE_RECURSION = YES;
				CLANG_WARN_INT_CONVERSION = YES;
				CLANG_WARN_NON_LITERAL_NULL_CONVERSION = YES;
				CLANG_WARN_OBJC_IMPLICIT_RETAIN_SELF = YES;
				CLANG_WARN_OBJC_LITERAL_CONVERSION = YES;
				CLANG_WARN_OBJC_ROOT_CLASS = YES_ERROR;
				CLANG_WARN_QUOTED_INCLUDE_IN_FRAMEWORK_HEADER = YES;
				CLANG_WARN_RANGE_LOOP_ANALYSIS = YES;
				CLANG_WARN_STRICT_PROTOTYPES = YES;
				CLANG_WARN_SUSPICIOUS_MOVE = YES;
				CLANG_WARN_UNGUARDED_AVAILABILITY = YES_AGGRESSIVE;
				CLANG_WARN_UNREACHABLE_CODE = YES;
				CLANG_WARN__DUPLICATE_METHOD_MATCH = YES;
				COPY_PHASE_STRIP = NO;
				DEBUG_INFORMATION_FORMAT = "dwarf-with-dsym";
				ENABLE_NS_ASSERTIONS = NO;
				ENABLE_STRICT_OBJC_MSGSEND = YES;
				GCC_C_LANGUAGE_STANDARD = gnu11;
				GCC_NO_COMMON_BLOCKS = YES;
				GCC_WARN_64_TO_32_BIT_CONVERSION = YES;
				GCC_WARN_ABOUT_RETURN_TYPE = YES_ERROR;
				GCC_WARN_UNDECLARED_SELECTOR = YES;
				GCC_WARN_UNINITIALIZED_AUTOS = YES_AGGRESSIVE;
				GCC_WARN_UNUSED_FUNCTION = YES;
				GCC_WARN_UNUSED_VARIABLE = YES;
				IPHONEOS_DEPLOYMENT_TARGET = 16.4;
				MTL_ENABLE_DEBUG_INFO = NO;
				MTL_FAST_MATH = YES;
				SDKROOT = iphoneos;
				SWIFT_COMPILATION_MODE = wholemodule;
				SWIFT_OPTIMIZATION_LEVEL = "-O";
				VALIDATE_PRODUCT = YES;
			};
			name = Release;
		};
		C2904CC92A454463000B2554 /* Debug */ = {
			isa = XCBuildConfiguration;
			buildSettings = {
				ASSETCATALOG_COMPILER_APPICON_NAME = AppIcon;
				ASSETCATALOG_COMPILER_GLOBAL_ACCENT_COLOR_NAME = AccentColor;
				CODE_SIGN_STYLE = Automatic;
				CURRENT_PROJECT_VERSION = 1;
				DEVELOPMENT_ASSET_PATHS = "\"DDR/Preview Content\"";
				DEVELOPMENT_TEAM = GV2ZUHR4F2;
				ENABLE_PREVIEWS = YES;
				GENERATE_INFOPLIST_FILE = YES;
				INFOPLIST_FILE = DDR/Info.plist;
				INFOPLIST_KEY_UIApplicationSceneManifest_Generation = YES;
				INFOPLIST_KEY_UIApplicationSupportsIndirectInputEvents = YES;
				INFOPLIST_KEY_UISupportedInterfaceOrientations_iPad = "UIInterfaceOrientationPortrait UIInterfaceOrientationPortraitUpsideDown UIInterfaceOrientationLandscapeLeft UIInterfaceOrientationLandscapeRight";
				INFOPLIST_KEY_UISupportedInterfaceOrientations_iPhone = "UIInterfaceOrientationPortrait UIInterfaceOrientationLandscapeLeft UIInterfaceOrientationLandscapeRight";
				LD_RUNPATH_SEARCH_PATHS = (
					"$(inherited)",
					"@executable_path/Frameworks",
				);
				MARKETING_VERSION = 1.0;
				PRODUCT_BUNDLE_IDENTIFIER = com.desirorie.DDR;
				PRODUCT_NAME = "$(TARGET_NAME)";
				SWIFT_EMIT_LOC_STRINGS = YES;
				SWIFT_VERSION = 5.0;
				TARGETED_DEVICE_FAMILY = "1,2";
			};
			name = Debug;
		};
		C2904CCA2A454463000B2554 /* Release */ = {
			isa = XCBuildConfiguration;
			buildSettings = {
				ASSETCATALOG_COMPILER_APPICON_NAME = AppIcon;
				ASSETCATALOG_COMPILER_GLOBAL_ACCENT_COLOR_NAME = AccentColor;
				CODE_SIGN_STYLE = Automatic;
				CURRENT_PROJECT_VERSION = 1;
				DEVELOPMENT_ASSET_PATHS = "\"DDR/Preview Content\"";
				DEVELOPMENT_TEAM = GV2ZUHR4F2;
				ENABLE_PREVIEWS = YES;
				GENERATE_INFOPLIST_FILE = YES;
				INFOPLIST_FILE = DDR/Info.plist;
				INFOPLIST_KEY_UIApplicationSceneManifest_Generation = YES;
				INFOPLIST_KEY_UIApplicationSupportsIndirectInputEvents = YES;
				INFOPLIST_KEY_UISupportedInterfaceOrientations_iPad = "UIInterfaceOrientationPortrait UIInterfaceOrientationPortraitUpsideDown UIInterfaceOrientationLandscapeLeft UIInterfaceOrientationLandscapeRight";
				INFOPLIST_KEY_UISupportedInterfaceOrientations_iPhone = "UIInterfaceOrientationPortrait UIInterfaceOrientationLandscapeLeft UIInterfaceOrientationLandscapeRight";
				LD_RUNPATH_SEARCH_PATHS = (
					"$(inherited)",
					"@executable_path/Frameworks",
				);
				MARKETING_VERSION = 1.0;
				PRODUCT_BUNDLE_IDENTIFIER = com.desirorie.DDR;
				PRODUCT_NAME = "$(TARGET_NAME)";
				SWIFT_EMIT_LOC_STRINGS = YES;
				SWIFT_VERSION = 5.0;
				TARGETED_DEVICE_FAMILY = "1,2";
			};
			name = Release;
		};
/* End XCBuildConfiguration section */

/* Begin XCConfigurationList section */
		C2904CB52A454463000B2554 /* Build configuration list for PBXProject "DDR" */ = {
			isa = XCConfigurationList;
			buildConfigurations = (
				C2904CC62A454463000B2554 /* Debug */,
				C2904CC72A454463000B2554 /* Release */,
			);
			defaultConfigurationIsVisible = 0;
			defaultConfigurationName = Release;
		};
		C2904CC82A454463000B2554 /* Build configuration list for PBXNativeTarget "DDR" */ = {
			isa = XCConfigurationList;
			buildConfigurations = (
				C2904CC92A454463000B2554 /* Debug */,
				C2904CCA2A454463000B2554 /* Release */,
			);
			defaultConfigurationIsVisible = 0;
			defaultConfigurationName = Release;
		};
/* End XCConfigurationList section */
	};
	rootObject = C2904CB22A454463000B2554 /* Project object */;
}
